// !$*UTF8*$!
{
	archiveVersion = 1;
	classes = {
	};
	objectVersion = 51;
	objects = {

/* Begin PBXBuildFile section */
		0A5C8A77ACC9214CC38945BA /* Pods_PetnoonTeaTests.framework in Frameworks */ = {isa = PBXBuildFile; fileRef = 554D5F4B4117ADFC8AD050E1 /* Pods_PetnoonTeaTests.framework */; };
		4CF7FD9C9A6AD1E34F5ED4F6 /* Pods_PetnoonTea.framework in Frameworks */ = {isa = PBXBuildFile; fileRef = DAF797C30856BF95848EA312 /* Pods_PetnoonTea.framework */; };
		BE1EDBC323E2DA4A003C38D9 /* UIStoryboard+Extension.swift in Sources */ = {isa = PBXBuildFile; fileRef = BE1EDBC223E2DA4A003C38D9 /* UIStoryboard+Extension.swift */; };
		BE1EDBC523E2DBD9003C38D9 /* FBLogin.storyboard in Resources */ = {isa = PBXBuildFile; fileRef = BE1EDBC423E2DBD9003C38D9 /* FBLogin.storyboard */; };
		BE1EDBC723E2DBEE003C38D9 /* ShopLogin.storyboard in Resources */ = {isa = PBXBuildFile; fileRef = BE1EDBC623E2DBEE003C38D9 /* ShopLogin.storyboard */; };
		BE1EDBC923E2DBFE003C38D9 /* ShopEvent.storyboard in Resources */ = {isa = PBXBuildFile; fileRef = BE1EDBC823E2DBFE003C38D9 /* ShopEvent.storyboard */; };
		BE1EDBCB23E2DC11003C38D9 /* Rated.storyboard in Resources */ = {isa = PBXBuildFile; fileRef = BE1EDBCA23E2DC11003C38D9 /* Rated.storyboard */; };
		BE1EDBCD23E2DC22003C38D9 /* Home.storyboard in Resources */ = {isa = PBXBuildFile; fileRef = BE1EDBCC23E2DC22003C38D9 /* Home.storyboard */; };
		BE1EDBD023E2DC49003C38D9 /* MessageBoard.storyboard in Resources */ = {isa = PBXBuildFile; fileRef = BE1EDBCF23E2DC49003C38D9 /* MessageBoard.storyboard */; };
		BE1EDBD223E2DC57003C38D9 /* Member.storyboard in Resources */ = {isa = PBXBuildFile; fileRef = BE1EDBD123E2DC57003C38D9 /* Member.storyboard */; };
		BE1EDBD523E2E77A003C38D9 /* TabBar.storyboard in Resources */ = {isa = PBXBuildFile; fileRef = BE1EDBD423E2E77A003C38D9 /* TabBar.storyboard */; };
		BE66210123D3FE450053FD07 /* AppDelegate.swift in Sources */ = {isa = PBXBuildFile; fileRef = BE66210023D3FE450053FD07 /* AppDelegate.swift */; };
		BE66210523D3FE450053FD07 /* LoginViewController.swift in Sources */ = {isa = PBXBuildFile; fileRef = BE66210423D3FE450053FD07 /* LoginViewController.swift */; };
		BE66210823D3FE450053FD07 /* Main.storyboard in Resources */ = {isa = PBXBuildFile; fileRef = BE66210623D3FE450053FD07 /* Main.storyboard */; };
		BE66210A23D3FE490053FD07 /* Assets.xcassets in Resources */ = {isa = PBXBuildFile; fileRef = BE66210923D3FE490053FD07 /* Assets.xcassets */; };
		BE66210D23D3FE490053FD07 /* LaunchScreen.storyboard in Resources */ = {isa = PBXBuildFile; fileRef = BE66210B23D3FE490053FD07 /* LaunchScreen.storyboard */; };
		BE66211823D3FE490053FD07 /* PetnoonTeaTests.swift in Sources */ = {isa = PBXBuildFile; fileRef = BE66211723D3FE490053FD07 /* PetnoonTeaTests.swift */; };
		BE66212323D3FE490053FD07 /* PetnoonTeaUITests.swift in Sources */ = {isa = PBXBuildFile; fileRef = BE66212223D3FE490053FD07 /* PetnoonTeaUITests.swift */; };
		BE9131C623E2EE77004A669D /* ShopEventsViewController.swift in Sources */ = {isa = PBXBuildFile; fileRef = BE9131C523E2EE77004A669D /* ShopEventsViewController.swift */; };
		BE9131C923E2EEC3004A669D /* RatedViewController.swift in Sources */ = {isa = PBXBuildFile; fileRef = BE9131C823E2EEC3004A669D /* RatedViewController.swift */; };
		BE9131CC23E2EF0F004A669D /* MessageBoardViewController.swift in Sources */ = {isa = PBXBuildFile; fileRef = BE9131CB23E2EF0F004A669D /* MessageBoardViewController.swift */; };
		BE9131CF23E2EF68004A669D /* MemberViewController.swift in Sources */ = {isa = PBXBuildFile; fileRef = BE9131CE23E2EF68004A669D /* MemberViewController.swift */; };
		BEE181D723E20EFC00660AEB /* ShopLoginViewController.swift in Sources */ = {isa = PBXBuildFile; fileRef = BEE181D623E20EFC00660AEB /* ShopLoginViewController.swift */; };
		BEE181D923E20FA300660AEB /* ShopLoginContainView.swift in Sources */ = {isa = PBXBuildFile; fileRef = BEE181D823E20FA300660AEB /* ShopLoginContainView.swift */; };
		BEE181DB23E20FBC00660AEB /* ShopSignUpContainView.swift in Sources */ = {isa = PBXBuildFile; fileRef = BEE181DA23E20FBC00660AEB /* ShopSignUpContainView.swift */; };
		BEE181DD23E21F3300660AEB /* FBLoginViewController.swift in Sources */ = {isa = PBXBuildFile; fileRef = BEE181DC23E21F3300660AEB /* FBLoginViewController.swift */; };
		BEE181E123E2328400660AEB /* BaseViewController.swift in Sources */ = {isa = PBXBuildFile; fileRef = BEE181E023E2328400660AEB /* BaseViewController.swift */; };
		BEE181E323E232B900660AEB /* UserProvider.swift in Sources */ = {isa = PBXBuildFile; fileRef = BEE181E223E232B900660AEB /* UserProvider.swift */; };
		BEE181E523E232C300660AEB /* HomeViewController.swift in Sources */ = {isa = PBXBuildFile; fileRef = BEE181E423E232C300660AEB /* HomeViewController.swift */; };
		BEE181E823E2332800660AEB /* TabbarController.swift in Sources */ = {isa = PBXBuildFile; fileRef = BEE181E723E2332800660AEB /* TabbarController.swift */; };
		BEE181EB23E2339D00660AEB /* UIViewController+Extension.swift in Sources */ = {isa = PBXBuildFile; fileRef = BEE181EA23E2339D00660AEB /* UIViewController+Extension.swift */; };
		BEE181EE23E237B000660AEB /* JGProgressHUDWrapper.swift in Sources */ = {isa = PBXBuildFile; fileRef = BEE181ED23E237B000660AEB /* JGProgressHUDWrapper.swift */; };
		BEE181F023E2384500660AEB /* KingFisherWrapper.swift in Sources */ = {isa = PBXBuildFile; fileRef = BEE181EF23E2384500660AEB /* KingFisherWrapper.swift */; };
		BEE181F223E238AD00660AEB /* UIColor+Extension.swift in Sources */ = {isa = PBXBuildFile; fileRef = BEE181F123E238AD00660AEB /* UIColor+Extension.swift */; };
		BEE181F623E23A3C00660AEB /* HomeFilterCollectionViewCell.swift in Sources */ = {isa = PBXBuildFile; fileRef = BEE181F523E23A3C00660AEB /* HomeFilterCollectionViewCell.swift */; };
		BEE181FA23E240C300660AEB /* File.swift in Sources */ = {isa = PBXBuildFile; fileRef = BEE181F923E240C300660AEB /* File.swift */; };
		BEE181FC23E2420500660AEB /* GoogleService-Info.plist in Resources */ = {isa = PBXBuildFile; fileRef = BEE181FB23E2420500660AEB /* GoogleService-Info.plist */; };
		ECD23B413012D8922A589244 /* Pods_PetnoonTea_PetnoonTeaUITests.framework in Frameworks */ = {isa = PBXBuildFile; fileRef = 47F7D5C8074FE1438E5974CA /* Pods_PetnoonTea_PetnoonTeaUITests.framework */; };
/* End PBXBuildFile section */

/* Begin PBXContainerItemProxy section */
		BE66211423D3FE490053FD07 /* PBXContainerItemProxy */ = {
			isa = PBXContainerItemProxy;
			containerPortal = BE6620F523D3FE450053FD07 /* Project object */;
			proxyType = 1;
			remoteGlobalIDString = BE6620FC23D3FE450053FD07;
			remoteInfo = PetnoonTea;
		};
		BE66211F23D3FE490053FD07 /* PBXContainerItemProxy */ = {
			isa = PBXContainerItemProxy;
			containerPortal = BE6620F523D3FE450053FD07 /* Project object */;
			proxyType = 1;
			remoteGlobalIDString = BE6620FC23D3FE450053FD07;
			remoteInfo = PetnoonTea;
		};
/* End PBXContainerItemProxy section */

/* Begin PBXFileReference section */
		2F430C1E87D23D2AEEC322F6 /* Pods-PetnoonTea.release.xcconfig */ = {isa = PBXFileReference; includeInIndex = 1; lastKnownFileType = text.xcconfig; name = "Pods-PetnoonTea.release.xcconfig"; path = "Target Support Files/Pods-PetnoonTea/Pods-PetnoonTea.release.xcconfig"; sourceTree = "<group>"; };
		47F7D5C8074FE1438E5974CA /* Pods_PetnoonTea_PetnoonTeaUITests.framework */ = {isa = PBXFileReference; explicitFileType = wrapper.framework; includeInIndex = 0; path = Pods_PetnoonTea_PetnoonTeaUITests.framework; sourceTree = BUILT_PRODUCTS_DIR; };
		554D5F4B4117ADFC8AD050E1 /* Pods_PetnoonTeaTests.framework */ = {isa = PBXFileReference; explicitFileType = wrapper.framework; includeInIndex = 0; path = Pods_PetnoonTeaTests.framework; sourceTree = BUILT_PRODUCTS_DIR; };
		9CED2CC349DEE5AF51BEF303 /* Pods-PetnoonTeaTests.debug.xcconfig */ = {isa = PBXFileReference; includeInIndex = 1; lastKnownFileType = text.xcconfig; name = "Pods-PetnoonTeaTests.debug.xcconfig"; path = "Target Support Files/Pods-PetnoonTeaTests/Pods-PetnoonTeaTests.debug.xcconfig"; sourceTree = "<group>"; };
		ABC69CF0F6868D91DBFFCC15 /* Pods-PetnoonTea-PetnoonTeaUITests.release.xcconfig */ = {isa = PBXFileReference; includeInIndex = 1; lastKnownFileType = text.xcconfig; name = "Pods-PetnoonTea-PetnoonTeaUITests.release.xcconfig"; path = "Target Support Files/Pods-PetnoonTea-PetnoonTeaUITests/Pods-PetnoonTea-PetnoonTeaUITests.release.xcconfig"; sourceTree = "<group>"; };
		AD31ADD5AB6BFEA77017D927 /* Pods-PetnoonTea.debug.xcconfig */ = {isa = PBXFileReference; includeInIndex = 1; lastKnownFileType = text.xcconfig; name = "Pods-PetnoonTea.debug.xcconfig"; path = "Target Support Files/Pods-PetnoonTea/Pods-PetnoonTea.debug.xcconfig"; sourceTree = "<group>"; };
		B3E06084F4158A106B00DFF3 /* Pods-PetnoonTeaTests.release.xcconfig */ = {isa = PBXFileReference; includeInIndex = 1; lastKnownFileType = text.xcconfig; name = "Pods-PetnoonTeaTests.release.xcconfig"; path = "Target Support Files/Pods-PetnoonTeaTests/Pods-PetnoonTeaTests.release.xcconfig"; sourceTree = "<group>"; };
		BE1EDBC223E2DA4A003C38D9 /* UIStoryboard+Extension.swift */ = {isa = PBXFileReference; lastKnownFileType = sourcecode.swift; path = "UIStoryboard+Extension.swift"; sourceTree = "<group>"; };
		BE1EDBC423E2DBD9003C38D9 /* FBLogin.storyboard */ = {isa = PBXFileReference; lastKnownFileType = file.storyboard; path = FBLogin.storyboard; sourceTree = "<group>"; };
		BE1EDBC623E2DBEE003C38D9 /* ShopLogin.storyboard */ = {isa = PBXFileReference; lastKnownFileType = file.storyboard; path = ShopLogin.storyboard; sourceTree = "<group>"; };
		BE1EDBC823E2DBFE003C38D9 /* ShopEvent.storyboard */ = {isa = PBXFileReference; lastKnownFileType = file.storyboard; path = ShopEvent.storyboard; sourceTree = "<group>"; };
		BE1EDBCA23E2DC11003C38D9 /* Rated.storyboard */ = {isa = PBXFileReference; lastKnownFileType = file.storyboard; path = Rated.storyboard; sourceTree = "<group>"; };
		BE1EDBCC23E2DC22003C38D9 /* Home.storyboard */ = {isa = PBXFileReference; lastKnownFileType = file.storyboard; path = Home.storyboard; sourceTree = "<group>"; };
		BE1EDBCF23E2DC49003C38D9 /* MessageBoard.storyboard */ = {isa = PBXFileReference; lastKnownFileType = file.storyboard; path = MessageBoard.storyboard; sourceTree = "<group>"; };
		BE1EDBD123E2DC57003C38D9 /* Member.storyboard */ = {isa = PBXFileReference; lastKnownFileType = file.storyboard; path = Member.storyboard; sourceTree = "<group>"; };
		BE1EDBD423E2E77A003C38D9 /* TabBar.storyboard */ = {isa = PBXFileReference; lastKnownFileType = file.storyboard; path = TabBar.storyboard; sourceTree = "<group>"; };
		BE6620FD23D3FE450053FD07 /* PetnoonTea.app */ = {isa = PBXFileReference; explicitFileType = wrapper.application; includeInIndex = 0; path = PetnoonTea.app; sourceTree = BUILT_PRODUCTS_DIR; };
		BE66210023D3FE450053FD07 /* AppDelegate.swift */ = {isa = PBXFileReference; lastKnownFileType = sourcecode.swift; path = AppDelegate.swift; sourceTree = "<group>"; };
		BE66210423D3FE450053FD07 /* LoginViewController.swift */ = {isa = PBXFileReference; lastKnownFileType = sourcecode.swift; path = LoginViewController.swift; sourceTree = "<group>"; };
		BE66210723D3FE450053FD07 /* Base */ = {isa = PBXFileReference; lastKnownFileType = file.storyboard; name = Base; path = Base.lproj/Main.storyboard; sourceTree = "<group>"; };
		BE66210923D3FE490053FD07 /* Assets.xcassets */ = {isa = PBXFileReference; lastKnownFileType = folder.assetcatalog; path = Assets.xcassets; sourceTree = "<group>"; };
		BE66210C23D3FE490053FD07 /* Base */ = {isa = PBXFileReference; lastKnownFileType = file.storyboard; name = Base; path = Base.lproj/LaunchScreen.storyboard; sourceTree = "<group>"; };
		BE66210E23D3FE490053FD07 /* Info.plist */ = {isa = PBXFileReference; lastKnownFileType = text.plist.xml; path = Info.plist; sourceTree = "<group>"; };
		BE66211323D3FE490053FD07 /* PetnoonTeaTests.xctest */ = {isa = PBXFileReference; explicitFileType = wrapper.cfbundle; includeInIndex = 0; path = PetnoonTeaTests.xctest; sourceTree = BUILT_PRODUCTS_DIR; };
		BE66211723D3FE490053FD07 /* PetnoonTeaTests.swift */ = {isa = PBXFileReference; lastKnownFileType = sourcecode.swift; path = PetnoonTeaTests.swift; sourceTree = "<group>"; };
		BE66211923D3FE490053FD07 /* Info.plist */ = {isa = PBXFileReference; lastKnownFileType = text.plist.xml; path = Info.plist; sourceTree = "<group>"; };
		BE66211E23D3FE490053FD07 /* PetnoonTeaUITests.xctest */ = {isa = PBXFileReference; explicitFileType = wrapper.cfbundle; includeInIndex = 0; path = PetnoonTeaUITests.xctest; sourceTree = BUILT_PRODUCTS_DIR; };
		BE66212223D3FE490053FD07 /* PetnoonTeaUITests.swift */ = {isa = PBXFileReference; lastKnownFileType = sourcecode.swift; path = PetnoonTeaUITests.swift; sourceTree = "<group>"; };
		BE66212423D3FE490053FD07 /* Info.plist */ = {isa = PBXFileReference; lastKnownFileType = text.plist.xml; path = Info.plist; sourceTree = "<group>"; };
		BE9131C523E2EE77004A669D /* ShopEventsViewController.swift */ = {isa = PBXFileReference; lastKnownFileType = sourcecode.swift; path = ShopEventsViewController.swift; sourceTree = "<group>"; };
		BE9131C823E2EEC3004A669D /* RatedViewController.swift */ = {isa = PBXFileReference; lastKnownFileType = sourcecode.swift; path = RatedViewController.swift; sourceTree = "<group>"; };
		BE9131CB23E2EF0F004A669D /* MessageBoardViewController.swift */ = {isa = PBXFileReference; lastKnownFileType = sourcecode.swift; path = MessageBoardViewController.swift; sourceTree = "<group>"; };
		BE9131CE23E2EF68004A669D /* MemberViewController.swift */ = {isa = PBXFileReference; lastKnownFileType = sourcecode.swift; path = MemberViewController.swift; sourceTree = "<group>"; };
		BEE181D623E20EFC00660AEB /* ShopLoginViewController.swift */ = {isa = PBXFileReference; lastKnownFileType = sourcecode.swift; path = ShopLoginViewController.swift; sourceTree = "<group>"; };
		BEE181D823E20FA300660AEB /* ShopLoginContainView.swift */ = {isa = PBXFileReference; lastKnownFileType = sourcecode.swift; path = ShopLoginContainView.swift; sourceTree = "<group>"; };
		BEE181DA23E20FBC00660AEB /* ShopSignUpContainView.swift */ = {isa = PBXFileReference; lastKnownFileType = sourcecode.swift; path = ShopSignUpContainView.swift; sourceTree = "<group>"; };
		BEE181DC23E21F3300660AEB /* FBLoginViewController.swift */ = {isa = PBXFileReference; lastKnownFileType = sourcecode.swift; path = FBLoginViewController.swift; sourceTree = "<group>"; };
		BEE181E023E2328400660AEB /* BaseViewController.swift */ = {isa = PBXFileReference; lastKnownFileType = sourcecode.swift; path = BaseViewController.swift; sourceTree = "<group>"; };
		BEE181E223E232B900660AEB /* UserProvider.swift */ = {isa = PBXFileReference; fileEncoding = 4; lastKnownFileType = sourcecode.swift; path = UserProvider.swift; sourceTree = "<group>"; };
		BEE181E423E232C300660AEB /* HomeViewController.swift */ = {isa = PBXFileReference; fileEncoding = 4; lastKnownFileType = sourcecode.swift; path = HomeViewController.swift; sourceTree = "<group>"; };
		BEE181E723E2332800660AEB /* TabbarController.swift */ = {isa = PBXFileReference; lastKnownFileType = sourcecode.swift; path = TabbarController.swift; sourceTree = "<group>"; };
		BEE181EA23E2339D00660AEB /* UIViewController+Extension.swift */ = {isa = PBXFileReference; lastKnownFileType = sourcecode.swift; path = "UIViewController+Extension.swift"; sourceTree = "<group>"; };
		BEE181ED23E237B000660AEB /* JGProgressHUDWrapper.swift */ = {isa = PBXFileReference; lastKnownFileType = sourcecode.swift; path = JGProgressHUDWrapper.swift; sourceTree = "<group>"; };
		BEE181EF23E2384500660AEB /* KingFisherWrapper.swift */ = {isa = PBXFileReference; lastKnownFileType = sourcecode.swift; path = KingFisherWrapper.swift; sourceTree = "<group>"; };
		BEE181F123E238AD00660AEB /* UIColor+Extension.swift */ = {isa = PBXFileReference; lastKnownFileType = sourcecode.swift; path = "UIColor+Extension.swift"; sourceTree = "<group>"; };
		BEE181F523E23A3C00660AEB /* HomeFilterCollectionViewCell.swift */ = {isa = PBXFileReference; lastKnownFileType = sourcecode.swift; path = HomeFilterCollectionViewCell.swift; sourceTree = "<group>"; };
		BEE181F923E240C300660AEB /* File.swift */ = {isa = PBXFileReference; lastKnownFileType = sourcecode.swift; path = File.swift; sourceTree = "<group>"; };
		BEE181FB23E2420500660AEB /* GoogleService-Info.plist */ = {isa = PBXFileReference; fileEncoding = 4; lastKnownFileType = text.plist.xml; path = "GoogleService-Info.plist"; sourceTree = "<group>"; };
		D25939728DE3A44AB9C4C34E /* Pods-PetnoonTea-PetnoonTeaUITests.debug.xcconfig */ = {isa = PBXFileReference; includeInIndex = 1; lastKnownFileType = text.xcconfig; name = "Pods-PetnoonTea-PetnoonTeaUITests.debug.xcconfig"; path = "Target Support Files/Pods-PetnoonTea-PetnoonTeaUITests/Pods-PetnoonTea-PetnoonTeaUITests.debug.xcconfig"; sourceTree = "<group>"; };
		DAF797C30856BF95848EA312 /* Pods_PetnoonTea.framework */ = {isa = PBXFileReference; explicitFileType = wrapper.framework; includeInIndex = 0; path = Pods_PetnoonTea.framework; sourceTree = BUILT_PRODUCTS_DIR; };
/* End PBXFileReference section */

/* Begin PBXFrameworksBuildPhase section */
		BE6620FA23D3FE450053FD07 /* Frameworks */ = {
			isa = PBXFrameworksBuildPhase;
			buildActionMask = 2147483647;
			files = (
				4CF7FD9C9A6AD1E34F5ED4F6 /* Pods_PetnoonTea.framework in Frameworks */,
			);
			runOnlyForDeploymentPostprocessing = 0;
		};
		BE66211023D3FE490053FD07 /* Frameworks */ = {
			isa = PBXFrameworksBuildPhase;
			buildActionMask = 2147483647;
			files = (
				0A5C8A77ACC9214CC38945BA /* Pods_PetnoonTeaTests.framework in Frameworks */,
			);
			runOnlyForDeploymentPostprocessing = 0;
		};
		BE66211B23D3FE490053FD07 /* Frameworks */ = {
			isa = PBXFrameworksBuildPhase;
			buildActionMask = 2147483647;
			files = (
				ECD23B413012D8922A589244 /* Pods_PetnoonTea_PetnoonTeaUITests.framework in Frameworks */,
			);
			runOnlyForDeploymentPostprocessing = 0;
		};
/* End PBXFrameworksBuildPhase section */

/* Begin PBXGroup section */
		BE1EDBD323E2E35E003C38D9 /* Resource */ = {
			isa = PBXGroup;
			children = (
				BE66210923D3FE490053FD07 /* Assets.xcassets */,
			);
			path = Resource;
			sourceTree = "<group>";
		};
		BE6620F423D3FE450053FD07 = {
			isa = PBXGroup;
			children = (
				BE6620FF23D3FE450053FD07 /* PetnoonTea */,
				BE66211623D3FE490053FD07 /* PetnoonTeaTests */,
				BE66212123D3FE490053FD07 /* PetnoonTeaUITests */,
				BE6620FE23D3FE450053FD07 /* Products */,
				D51BC459026DBBBC861C0736 /* Pods */,
				CD33BE274028B22DB88B81B3 /* Frameworks */,
			);
			sourceTree = "<group>";
		};
		BE6620FE23D3FE450053FD07 /* Products */ = {
			isa = PBXGroup;
			children = (
				BE6620FD23D3FE450053FD07 /* PetnoonTea.app */,
				BE66211323D3FE490053FD07 /* PetnoonTeaTests.xctest */,
				BE66211E23D3FE490053FD07 /* PetnoonTeaUITests.xctest */,
			);
			name = Products;
			sourceTree = "<group>";
		};
		BE6620FF23D3FE450053FD07 /* PetnoonTea */ = {
			isa = PBXGroup;
			children = (
				BEE181EC23E2378F00660AEB /* Third Party Wrapper */,
				BEE181E923E2336B00660AEB /* Extension */,
				BE1EDBD323E2E35E003C38D9 /* Resource */,
				BEE181D323E20E2F00660AEB /* Model */,
				BEE181D223E20E2100660AEB /* Controller */,
				BEE181F323E239FB00660AEB /* View */,
				BE66210023D3FE450053FD07 /* AppDelegate.swift */,
				BE66210E23D3FE490053FD07 /* Info.plist */,
				BEE181FB23E2420500660AEB /* GoogleService-Info.plist */,
			);
			path = PetnoonTea;
			sourceTree = "<group>";
		};
		BE66211623D3FE490053FD07 /* PetnoonTeaTests */ = {
			isa = PBXGroup;
			children = (
				BE66211723D3FE490053FD07 /* PetnoonTeaTests.swift */,
				BE66211923D3FE490053FD07 /* Info.plist */,
			);
			path = PetnoonTeaTests;
			sourceTree = "<group>";
		};
		BE66212123D3FE490053FD07 /* PetnoonTeaUITests */ = {
			isa = PBXGroup;
			children = (
				BE66212223D3FE490053FD07 /* PetnoonTeaUITests.swift */,
				BE66212423D3FE490053FD07 /* Info.plist */,
			);
			path = PetnoonTeaUITests;
			sourceTree = "<group>";
		};
		BE9131C423E2EE54004A669D /* ShopEvent */ = {
			isa = PBXGroup;
			children = (
				BE9131C523E2EE77004A669D /* ShopEventsViewController.swift */,
			);
			path = ShopEvent;
			sourceTree = "<group>";
		};
		BE9131C723E2EEAE004A669D /* Rated */ = {
			isa = PBXGroup;
			children = (
				BE9131C823E2EEC3004A669D /* RatedViewController.swift */,
			);
			path = Rated;
			sourceTree = "<group>";
		};
		BE9131CA23E2EEFB004A669D /*  MessageBoard */ = {
			isa = PBXGroup;
			children = (
				BE9131CB23E2EF0F004A669D /* MessageBoardViewController.swift */,
			);
			path = " MessageBoard";
			sourceTree = "<group>";
		};
		BE9131CD23E2EF58004A669D /* Member */ = {
			isa = PBXGroup;
			children = (
				BE9131CE23E2EF68004A669D /* MemberViewController.swift */,
			);
			path = Member;
			sourceTree = "<group>";
		};
		BEE181D223E20E2100660AEB /* Controller */ = {
			isa = PBXGroup;
			children = (
				BEE181DF23E2326700660AEB /* Base */,
				BEE181D523E20E6D00660AEB /* Login */,
				BEE181DE23E2320C00660AEB /* Home */,
				BE9131CA23E2EEFB004A669D /*  MessageBoard */,
				BE9131CD23E2EF58004A669D /* Member */,
				BE9131C723E2EEAE004A669D /* Rated */,
				BE9131C423E2EE54004A669D /* ShopEvent */,
			);
			path = Controller;
			sourceTree = "<group>";
		};
		BEE181D323E20E2F00660AEB /* Model */ = {
			isa = PBXGroup;
			children = (
				BEE181F823E240B100660AEB /* User */,
				BEE181F723E2409E00660AEB /* HTTP */,
			);
			path = Model;
			sourceTree = "<group>";
		};
		BEE181D523E20E6D00660AEB /* Login */ = {
			isa = PBXGroup;
			children = (
				BE66210423D3FE450053FD07 /* LoginViewController.swift */,
				BEE181D623E20EFC00660AEB /* ShopLoginViewController.swift */,
				BEE181D823E20FA300660AEB /* ShopLoginContainView.swift */,
				BEE181DA23E20FBC00660AEB /* ShopSignUpContainView.swift */,
				BEE181DC23E21F3300660AEB /* FBLoginViewController.swift */,
			);
			path = Login;
			sourceTree = "<group>";
		};
		BEE181DE23E2320C00660AEB /* Home */ = {
			isa = PBXGroup;
			children = (
				BEE181E423E232C300660AEB /* HomeViewController.swift */,
			);
			path = Home;
			sourceTree = "<group>";
		};
		BEE181DF23E2326700660AEB /* Base */ = {
			isa = PBXGroup;
			children = (
				BEE181E023E2328400660AEB /* BaseViewController.swift */,
				BEE181E723E2332800660AEB /* TabbarController.swift */,
			);
			path = Base;
			sourceTree = "<group>";
		};
		BEE181E923E2336B00660AEB /* Extension */ = {
			isa = PBXGroup;
			children = (
				BEE181EA23E2339D00660AEB /* UIViewController+Extension.swift */,
				BEE181F123E238AD00660AEB /* UIColor+Extension.swift */,
				BE1EDBC223E2DA4A003C38D9 /* UIStoryboard+Extension.swift */,
			);
			path = Extension;
			sourceTree = "<group>";
		};
		BEE181EC23E2378F00660AEB /* Third Party Wrapper */ = {
			isa = PBXGroup;
			children = (
				BEE181ED23E237B000660AEB /* JGProgressHUDWrapper.swift */,
				BEE181EF23E2384500660AEB /* KingFisherWrapper.swift */,
			);
			path = "Third Party Wrapper";
			sourceTree = "<group>";
		};
		BEE181F323E239FB00660AEB /* View */ = {
			isa = PBXGroup;
			children = (
				BEE181F423E23A1900660AEB /* Home */,
				BE66210623D3FE450053FD07 /* Main.storyboard */,
				BE66210B23D3FE490053FD07 /* LaunchScreen.storyboard */,
				BE1EDBC423E2DBD9003C38D9 /* FBLogin.storyboard */,
				BE1EDBC623E2DBEE003C38D9 /* ShopLogin.storyboard */,
				BE1EDBD423E2E77A003C38D9 /* TabBar.storyboard */,
				BE1EDBCC23E2DC22003C38D9 /* Home.storyboard */,
				BE1EDBCF23E2DC49003C38D9 /* MessageBoard.storyboard */,
				BE1EDBD123E2DC57003C38D9 /* Member.storyboard */,
				BE1EDBC823E2DBFE003C38D9 /* ShopEvent.storyboard */,
				BE1EDBCA23E2DC11003C38D9 /* Rated.storyboard */,
			);
			path = View;
			sourceTree = "<group>";
		};
		BEE181F423E23A1900660AEB /* Home */ = {
			isa = PBXGroup;
			children = (
				BEE181F523E23A3C00660AEB /* HomeFilterCollectionViewCell.swift */,
			);
			path = Home;
			sourceTree = "<group>";
		};
		BEE181F723E2409E00660AEB /* HTTP */ = {
			isa = PBXGroup;
			children = (
				BEE181F923E240C300660AEB /* File.swift */,
			);
			path = HTTP;
			sourceTree = "<group>";
		};
		BEE181F823E240B100660AEB /* User */ = {
			isa = PBXGroup;
			children = (
				BEE181E223E232B900660AEB /* UserProvider.swift */,
			);
			path = User;
			sourceTree = "<group>";
		};
		CD33BE274028B22DB88B81B3 /* Frameworks */ = {
			isa = PBXGroup;
			children = (
				DAF797C30856BF95848EA312 /* Pods_PetnoonTea.framework */,
				47F7D5C8074FE1438E5974CA /* Pods_PetnoonTea_PetnoonTeaUITests.framework */,
				554D5F4B4117ADFC8AD050E1 /* Pods_PetnoonTeaTests.framework */,
			);
			name = Frameworks;
			sourceTree = "<group>";
		};
		D51BC459026DBBBC861C0736 /* Pods */ = {
			isa = PBXGroup;
			children = (
				AD31ADD5AB6BFEA77017D927 /* Pods-PetnoonTea.debug.xcconfig */,
				2F430C1E87D23D2AEEC322F6 /* Pods-PetnoonTea.release.xcconfig */,
				D25939728DE3A44AB9C4C34E /* Pods-PetnoonTea-PetnoonTeaUITests.debug.xcconfig */,
				ABC69CF0F6868D91DBFFCC15 /* Pods-PetnoonTea-PetnoonTeaUITests.release.xcconfig */,
				9CED2CC349DEE5AF51BEF303 /* Pods-PetnoonTeaTests.debug.xcconfig */,
				B3E06084F4158A106B00DFF3 /* Pods-PetnoonTeaTests.release.xcconfig */,
			);
			path = Pods;
			sourceTree = "<group>";
		};
/* End PBXGroup section */

/* Begin PBXNativeTarget section */
		BE6620FC23D3FE450053FD07 /* PetnoonTea */ = {
			isa = PBXNativeTarget;
			buildConfigurationList = BE66212723D3FE490053FD07 /* Build configuration list for PBXNativeTarget "PetnoonTea" */;
			buildPhases = (
				33F32CB814A7CA3CA8596726 /* [CP] Check Pods Manifest.lock */,
				BE6620F923D3FE450053FD07 /* Sources */,
				BE6620FA23D3FE450053FD07 /* Frameworks */,
				BE6620FB23D3FE450053FD07 /* Resources */,
				54FF52AAE3377ABBE062785B /* [CP] Embed Pods Frameworks */,
				1C05EB8E6F8033603A818776 /* [CP] Copy Pods Resources */,
			);
			buildRules = (
			);
			dependencies = (
			);
			name = PetnoonTea;
			productName = PetnoonTea;
			productReference = BE6620FD23D3FE450053FD07 /* PetnoonTea.app */;
			productType = "com.apple.product-type.application";
		};
		BE66211223D3FE490053FD07 /* PetnoonTeaTests */ = {
			isa = PBXNativeTarget;
			buildConfigurationList = BE66212A23D3FE490053FD07 /* Build configuration list for PBXNativeTarget "PetnoonTeaTests" */;
			buildPhases = (
				CC46669A932B8FC51A6B5D9B /* [CP] Check Pods Manifest.lock */,
				BE66210F23D3FE490053FD07 /* Sources */,
				BE66211023D3FE490053FD07 /* Frameworks */,
				BE66211123D3FE490053FD07 /* Resources */,
			);
			buildRules = (
			);
			dependencies = (
				BE66211523D3FE490053FD07 /* PBXTargetDependency */,
			);
			name = PetnoonTeaTests;
			productName = PetnoonTeaTests;
			productReference = BE66211323D3FE490053FD07 /* PetnoonTeaTests.xctest */;
			productType = "com.apple.product-type.bundle.unit-test";
		};
		BE66211D23D3FE490053FD07 /* PetnoonTeaUITests */ = {
			isa = PBXNativeTarget;
			buildConfigurationList = BE66212D23D3FE490053FD07 /* Build configuration list for PBXNativeTarget "PetnoonTeaUITests" */;
			buildPhases = (
				FA57D191402468BC13D80ACE /* [CP] Check Pods Manifest.lock */,
				BE66211A23D3FE490053FD07 /* Sources */,
				BE66211B23D3FE490053FD07 /* Frameworks */,
				BE66211C23D3FE490053FD07 /* Resources */,
				A881AB5E93082497322EFEAB /* [CP] Embed Pods Frameworks */,
				ADA4CE489F61A433DAF1BF06 /* [CP] Copy Pods Resources */,
			);
			buildRules = (
			);
			dependencies = (
				BE66212023D3FE490053FD07 /* PBXTargetDependency */,
			);
			name = PetnoonTeaUITests;
			productName = PetnoonTeaUITests;
			productReference = BE66211E23D3FE490053FD07 /* PetnoonTeaUITests.xctest */;
			productType = "com.apple.product-type.bundle.ui-testing";
		};
/* End PBXNativeTarget section */

/* Begin PBXProject section */
		BE6620F523D3FE450053FD07 /* Project object */ = {
			isa = PBXProject;
			attributes = {
				LastSwiftUpdateCheck = 1130;
				LastUpgradeCheck = 1130;
				ORGANIZATIONNAME = Ninn;
				TargetAttributes = {
					BE6620FC23D3FE450053FD07 = {
						CreatedOnToolsVersion = 11.3;
					};
					BE66211223D3FE490053FD07 = {
						CreatedOnToolsVersion = 11.3;
						TestTargetID = BE6620FC23D3FE450053FD07;
					};
					BE66211D23D3FE490053FD07 = {
						CreatedOnToolsVersion = 11.3;
						TestTargetID = BE6620FC23D3FE450053FD07;
					};
				};
			};
			buildConfigurationList = BE6620F823D3FE450053FD07 /* Build configuration list for PBXProject "PetnoonTea" */;
			compatibilityVersion = "Xcode 9.3";
			developmentRegion = en;
			hasScannedForEncodings = 0;
			knownRegions = (
				en,
				Base,
			);
			mainGroup = BE6620F423D3FE450053FD07;
			productRefGroup = BE6620FE23D3FE450053FD07 /* Products */;
			projectDirPath = "";
			projectRoot = "";
			targets = (
				BE6620FC23D3FE450053FD07 /* PetnoonTea */,
				BE66211223D3FE490053FD07 /* PetnoonTeaTests */,
				BE66211D23D3FE490053FD07 /* PetnoonTeaUITests */,
			);
		};
/* End PBXProject section */

/* Begin PBXResourcesBuildPhase section */
		BE6620FB23D3FE450053FD07 /* Resources */ = {
			isa = PBXResourcesBuildPhase;
			buildActionMask = 2147483647;
			files = (
				BE1EDBD223E2DC57003C38D9 /* Member.storyboard in Resources */,
				BE1EDBC523E2DBD9003C38D9 /* FBLogin.storyboard in Resources */,
				BE66210D23D3FE490053FD07 /* LaunchScreen.storyboard in Resources */,
				BE1EDBC723E2DBEE003C38D9 /* ShopLogin.storyboard in Resources */,
				BE1EDBD523E2E77A003C38D9 /* TabBar.storyboard in Resources */,
				BE1EDBCD23E2DC22003C38D9 /* Home.storyboard in Resources */,
				BEE181FC23E2420500660AEB /* GoogleService-Info.plist in Resources */,
				BE66210A23D3FE490053FD07 /* Assets.xcassets in Resources */,
				BE1EDBC923E2DBFE003C38D9 /* ShopEvent.storyboard in Resources */,
				BE1EDBD023E2DC49003C38D9 /* MessageBoard.storyboard in Resources */,
				BE66210823D3FE450053FD07 /* Main.storyboard in Resources */,
				BE1EDBCB23E2DC11003C38D9 /* Rated.storyboard in Resources */,
			);
			runOnlyForDeploymentPostprocessing = 0;
		};
		BE66211123D3FE490053FD07 /* Resources */ = {
			isa = PBXResourcesBuildPhase;
			buildActionMask = 2147483647;
			files = (
			);
			runOnlyForDeploymentPostprocessing = 0;
		};
		BE66211C23D3FE490053FD07 /* Resources */ = {
			isa = PBXResourcesBuildPhase;
			buildActionMask = 2147483647;
			files = (
			);
			runOnlyForDeploymentPostprocessing = 0;
		};
/* End PBXResourcesBuildPhase section */

/* Begin PBXShellScriptBuildPhase section */
		1C05EB8E6F8033603A818776 /* [CP] Copy Pods Resources */ = {
			isa = PBXShellScriptBuildPhase;
			buildActionMask = 2147483647;
			files = (
			);
			inputFileListPaths = (
				"${PODS_ROOT}/Target Support Files/Pods-PetnoonTea/Pods-PetnoonTea-resources-${CONFIGURATION}-input-files.xcfilelist",
			);
			name = "[CP] Copy Pods Resources";
			outputFileListPaths = (
				"${PODS_ROOT}/Target Support Files/Pods-PetnoonTea/Pods-PetnoonTea-resources-${CONFIGURATION}-output-files.xcfilelist",
			);
			runOnlyForDeploymentPostprocessing = 0;
			shellPath = /bin/sh;
			shellScript = "\"${PODS_ROOT}/Target Support Files/Pods-PetnoonTea/Pods-PetnoonTea-resources.sh\"\n";
			showEnvVarsInLog = 0;
		};
		33F32CB814A7CA3CA8596726 /* [CP] Check Pods Manifest.lock */ = {
			isa = PBXShellScriptBuildPhase;
			buildActionMask = 2147483647;
			files = (
			);
			inputFileListPaths = (
			);
			inputPaths = (
				"${PODS_PODFILE_DIR_PATH}/Podfile.lock",
				"${PODS_ROOT}/Manifest.lock",
			);
			name = "[CP] Check Pods Manifest.lock";
			outputFileListPaths = (
			);
			outputPaths = (
				"$(DERIVED_FILE_DIR)/Pods-PetnoonTea-checkManifestLockResult.txt",
			);
			runOnlyForDeploymentPostprocessing = 0;
			shellPath = /bin/sh;
			shellScript = "diff \"${PODS_PODFILE_DIR_PATH}/Podfile.lock\" \"${PODS_ROOT}/Manifest.lock\" > /dev/null\nif [ $? != 0 ] ; then\n    # print error to STDERR\n    echo \"error: The sandbox is not in sync with the Podfile.lock. Run 'pod install' or update your CocoaPods installation.\" >&2\n    exit 1\nfi\n# This output is used by Xcode 'outputs' to avoid re-running this script phase.\necho \"SUCCESS\" > \"${SCRIPT_OUTPUT_FILE_0}\"\n";
			showEnvVarsInLog = 0;
		};
		54FF52AAE3377ABBE062785B /* [CP] Embed Pods Frameworks */ = {
			isa = PBXShellScriptBuildPhase;
			buildActionMask = 2147483647;
			files = (
			);
			inputFileListPaths = (
				"${PODS_ROOT}/Target Support Files/Pods-PetnoonTea/Pods-PetnoonTea-frameworks-${CONFIGURATION}-input-files.xcfilelist",
			);
			name = "[CP] Embed Pods Frameworks";
			outputFileListPaths = (
				"${PODS_ROOT}/Target Support Files/Pods-PetnoonTea/Pods-PetnoonTea-frameworks-${CONFIGURATION}-output-files.xcfilelist",
			);
			runOnlyForDeploymentPostprocessing = 0;
			shellPath = /bin/sh;
			shellScript = "\"${PODS_ROOT}/Target Support Files/Pods-PetnoonTea/Pods-PetnoonTea-frameworks.sh\"\n";
			showEnvVarsInLog = 0;
		};
		A881AB5E93082497322EFEAB /* [CP] Embed Pods Frameworks */ = {
			isa = PBXShellScriptBuildPhase;
			buildActionMask = 2147483647;
			files = (
			);
			inputFileListPaths = (
				"${PODS_ROOT}/Target Support Files/Pods-PetnoonTea-PetnoonTeaUITests/Pods-PetnoonTea-PetnoonTeaUITests-frameworks-${CONFIGURATION}-input-files.xcfilelist",
			);
			name = "[CP] Embed Pods Frameworks";
			outputFileListPaths = (
				"${PODS_ROOT}/Target Support Files/Pods-PetnoonTea-PetnoonTeaUITests/Pods-PetnoonTea-PetnoonTeaUITests-frameworks-${CONFIGURATION}-output-files.xcfilelist",
			);
			runOnlyForDeploymentPostprocessing = 0;
			shellPath = /bin/sh;
			shellScript = "\"${PODS_ROOT}/Target Support Files/Pods-PetnoonTea-PetnoonTeaUITests/Pods-PetnoonTea-PetnoonTeaUITests-frameworks.sh\"\n";
			showEnvVarsInLog = 0;
		};
		ADA4CE489F61A433DAF1BF06 /* [CP] Copy Pods Resources */ = {
			isa = PBXShellScriptBuildPhase;
			buildActionMask = 2147483647;
			files = (
			);
			inputFileListPaths = (
				"${PODS_ROOT}/Target Support Files/Pods-PetnoonTea-PetnoonTeaUITests/Pods-PetnoonTea-PetnoonTeaUITests-resources-${CONFIGURATION}-input-files.xcfilelist",
			);
			name = "[CP] Copy Pods Resources";
			outputFileListPaths = (
				"${PODS_ROOT}/Target Support Files/Pods-PetnoonTea-PetnoonTeaUITests/Pods-PetnoonTea-PetnoonTeaUITests-resources-${CONFIGURATION}-output-files.xcfilelist",
			);
			runOnlyForDeploymentPostprocessing = 0;
			shellPath = /bin/sh;
			shellScript = "\"${PODS_ROOT}/Target Support Files/Pods-PetnoonTea-PetnoonTeaUITests/Pods-PetnoonTea-PetnoonTeaUITests-resources.sh\"\n";
			showEnvVarsInLog = 0;
		};
		CC46669A932B8FC51A6B5D9B /* [CP] Check Pods Manifest.lock */ = {
			isa = PBXShellScriptBuildPhase;
			buildActionMask = 2147483647;
			files = (
			);
			inputFileListPaths = (
			);
			inputPaths = (
				"${PODS_PODFILE_DIR_PATH}/Podfile.lock",
				"${PODS_ROOT}/Manifest.lock",
			);
			name = "[CP] Check Pods Manifest.lock";
			outputFileListPaths = (
			);
			outputPaths = (
				"$(DERIVED_FILE_DIR)/Pods-PetnoonTeaTests-checkManifestLockResult.txt",
			);
			runOnlyForDeploymentPostprocessing = 0;
			shellPath = /bin/sh;
			shellScript = "diff \"${PODS_PODFILE_DIR_PATH}/Podfile.lock\" \"${PODS_ROOT}/Manifest.lock\" > /dev/null\nif [ $? != 0 ] ; then\n    # print error to STDERR\n    echo \"error: The sandbox is not in sync with the Podfile.lock. Run 'pod install' or update your CocoaPods installation.\" >&2\n    exit 1\nfi\n# This output is used by Xcode 'outputs' to avoid re-running this script phase.\necho \"SUCCESS\" > \"${SCRIPT_OUTPUT_FILE_0}\"\n";
			showEnvVarsInLog = 0;
		};
		FA57D191402468BC13D80ACE /* [CP] Check Pods Manifest.lock */ = {
			isa = PBXShellScriptBuildPhase;
			buildActionMask = 2147483647;
			files = (
			);
			inputFileListPaths = (
			);
			inputPaths = (
				"${PODS_PODFILE_DIR_PATH}/Podfile.lock",
				"${PODS_ROOT}/Manifest.lock",
			);
			name = "[CP] Check Pods Manifest.lock";
			outputFileListPaths = (
			);
			outputPaths = (
				"$(DERIVED_FILE_DIR)/Pods-PetnoonTea-PetnoonTeaUITests-checkManifestLockResult.txt",
			);
			runOnlyForDeploymentPostprocessing = 0;
			shellPath = /bin/sh;
			shellScript = "diff \"${PODS_PODFILE_DIR_PATH}/Podfile.lock\" \"${PODS_ROOT}/Manifest.lock\" > /dev/null\nif [ $? != 0 ] ; then\n    # print error to STDERR\n    echo \"error: The sandbox is not in sync with the Podfile.lock. Run 'pod install' or update your CocoaPods installation.\" >&2\n    exit 1\nfi\n# This output is used by Xcode 'outputs' to avoid re-running this script phase.\necho \"SUCCESS\" > \"${SCRIPT_OUTPUT_FILE_0}\"\n";
			showEnvVarsInLog = 0;
		};
/* End PBXShellScriptBuildPhase section */

/* Begin PBXSourcesBuildPhase section */
		BE6620F923D3FE450053FD07 /* Sources */ = {
			isa = PBXSourcesBuildPhase;
			buildActionMask = 2147483647;
			files = (
				BE66210523D3FE450053FD07 /* LoginViewController.swift in Sources */,
				BEE181EB23E2339D00660AEB /* UIViewController+Extension.swift in Sources */,
				BEE181DB23E20FBC00660AEB /* ShopSignUpContainView.swift in Sources */,
				BEE181F623E23A3C00660AEB /* HomeFilterCollectionViewCell.swift in Sources */,
				BEE181DD23E21F3300660AEB /* FBLoginViewController.swift in Sources */,
				BEE181FA23E240C300660AEB /* File.swift in Sources */,
				BE66210123D3FE450053FD07 /* AppDelegate.swift in Sources */,
				BEE181D723E20EFC00660AEB /* ShopLoginViewController.swift in Sources */,
				BEE181E523E232C300660AEB /* HomeViewController.swift in Sources */,
				BE9131C623E2EE77004A669D /* ShopEventsViewController.swift in Sources */,
				BE1EDBC323E2DA4A003C38D9 /* UIStoryboard+Extension.swift in Sources */,
				BEE181F223E238AD00660AEB /* UIColor+Extension.swift in Sources */,
				BEE181EE23E237B000660AEB /* JGProgressHUDWrapper.swift in Sources */,
				BEE181E123E2328400660AEB /* BaseViewController.swift in Sources */,
				BE9131CC23E2EF0F004A669D /* MessageBoardViewController.swift in Sources */,
				BE9131CF23E2EF68004A669D /* MemberViewController.swift in Sources */,
				BEE181D923E20FA300660AEB /* ShopLoginContainView.swift in Sources */,
				BE9131C923E2EEC3004A669D /* RatedViewController.swift in Sources */,
				BEE181E823E2332800660AEB /* TabbarController.swift in Sources */,
				BEE181F023E2384500660AEB /* KingFisherWrapper.swift in Sources */,
				BEE181E323E232B900660AEB /* UserProvider.swift in Sources */,
			);
			runOnlyForDeploymentPostprocessing = 0;
		};
		BE66210F23D3FE490053FD07 /* Sources */ = {
			isa = PBXSourcesBuildPhase;
			buildActionMask = 2147483647;
			files = (
				BE66211823D3FE490053FD07 /* PetnoonTeaTests.swift in Sources */,
			);
			runOnlyForDeploymentPostprocessing = 0;
		};
		BE66211A23D3FE490053FD07 /* Sources */ = {
			isa = PBXSourcesBuildPhase;
			buildActionMask = 2147483647;
			files = (
				BE66212323D3FE490053FD07 /* PetnoonTeaUITests.swift in Sources */,
			);
			runOnlyForDeploymentPostprocessing = 0;
		};
/* End PBXSourcesBuildPhase section */

/* Begin PBXTargetDependency section */
		BE66211523D3FE490053FD07 /* PBXTargetDependency */ = {
			isa = PBXTargetDependency;
			target = BE6620FC23D3FE450053FD07 /* PetnoonTea */;
			targetProxy = BE66211423D3FE490053FD07 /* PBXContainerItemProxy */;
		};
		BE66212023D3FE490053FD07 /* PBXTargetDependency */ = {
			isa = PBXTargetDependency;
			target = BE6620FC23D3FE450053FD07 /* PetnoonTea */;
			targetProxy = BE66211F23D3FE490053FD07 /* PBXContainerItemProxy */;
		};
/* End PBXTargetDependency section */

/* Begin PBXVariantGroup section */
		BE66210623D3FE450053FD07 /* Main.storyboard */ = {
			isa = PBXVariantGroup;
			children = (
				BE66210723D3FE450053FD07 /* Base */,
			);
			name = Main.storyboard;
			sourceTree = "<group>";
		};
		BE66210B23D3FE490053FD07 /* LaunchScreen.storyboard */ = {
			isa = PBXVariantGroup;
			children = (
				BE66210C23D3FE490053FD07 /* Base */,
			);
			name = LaunchScreen.storyboard;
			sourceTree = "<group>";
		};
/* End PBXVariantGroup section */

/* Begin XCBuildConfiguration section */
		BE66212523D3FE490053FD07 /* Debug */ = {
			isa = XCBuildConfiguration;
			buildSettings = {
				ALWAYS_SEARCH_USER_PATHS = NO;
				CLANG_ANALYZER_NONNULL = YES;
				CLANG_ANALYZER_NUMBER_OBJECT_CONVERSION = YES_AGGRESSIVE;
				CLANG_CXX_LANGUAGE_STANDARD = "gnu++14";
				CLANG_CXX_LIBRARY = "libc++";
				CLANG_ENABLE_MODULES = YES;
				CLANG_ENABLE_OBJC_ARC = YES;
				CLANG_ENABLE_OBJC_WEAK = YES;
				CLANG_WARN_BLOCK_CAPTURE_AUTORELEASING = YES;
				CLANG_WARN_BOOL_CONVERSION = YES;
				CLANG_WARN_COMMA = YES;
				CLANG_WARN_CONSTANT_CONVERSION = YES;
				CLANG_WARN_DEPRECATED_OBJC_IMPLEMENTATIONS = YES;
				CLANG_WARN_DIRECT_OBJC_ISA_USAGE = YES_ERROR;
				CLANG_WARN_DOCUMENTATION_COMMENTS = YES;
				CLANG_WARN_EMPTY_BODY = YES;
				CLANG_WARN_ENUM_CONVERSION = YES;
				CLANG_WARN_INFINITE_RECURSION = YES;
				CLANG_WARN_INT_CONVERSION = YES;
				CLANG_WARN_NON_LITERAL_NULL_CONVERSION = YES;
				CLANG_WARN_OBJC_IMPLICIT_RETAIN_SELF = YES;
				CLANG_WARN_OBJC_LITERAL_CONVERSION = YES;
				CLANG_WARN_OBJC_ROOT_CLASS = YES_ERROR;
				CLANG_WARN_RANGE_LOOP_ANALYSIS = YES;
				CLANG_WARN_STRICT_PROTOTYPES = YES;
				CLANG_WARN_SUSPICIOUS_MOVE = YES;
				CLANG_WARN_UNGUARDED_AVAILABILITY = YES_AGGRESSIVE;
				CLANG_WARN_UNREACHABLE_CODE = YES;
				CLANG_WARN__DUPLICATE_METHOD_MATCH = YES;
				COPY_PHASE_STRIP = NO;
				DEBUG_INFORMATION_FORMAT = dwarf;
				ENABLE_STRICT_OBJC_MSGSEND = YES;
				ENABLE_TESTABILITY = YES;
				GCC_C_LANGUAGE_STANDARD = gnu11;
				GCC_DYNAMIC_NO_PIC = NO;
				GCC_NO_COMMON_BLOCKS = YES;
				GCC_OPTIMIZATION_LEVEL = 0;
				GCC_PREPROCESSOR_DEFINITIONS = (
					"DEBUG=1",
					"$(inherited)",
				);
				GCC_WARN_64_TO_32_BIT_CONVERSION = YES;
				GCC_WARN_ABOUT_RETURN_TYPE = YES_ERROR;
				GCC_WARN_UNDECLARED_SELECTOR = YES;
				GCC_WARN_UNINITIALIZED_AUTOS = YES_AGGRESSIVE;
				GCC_WARN_UNUSED_FUNCTION = YES;
				GCC_WARN_UNUSED_VARIABLE = YES;
				IPHONEOS_DEPLOYMENT_TARGET = 13.2;
				MTL_ENABLE_DEBUG_INFO = INCLUDE_SOURCE;
				MTL_FAST_MATH = YES;
				ONLY_ACTIVE_ARCH = YES;
				SDKROOT = iphoneos;
				SWIFT_ACTIVE_COMPILATION_CONDITIONS = DEBUG;
				SWIFT_OPTIMIZATION_LEVEL = "-Onone";
			};
			name = Debug;
		};
		BE66212623D3FE490053FD07 /* Release */ = {
			isa = XCBuildConfiguration;
			buildSettings = {
				ALWAYS_SEARCH_USER_PATHS = NO;
				CLANG_ANALYZER_NONNULL = YES;
				CLANG_ANALYZER_NUMBER_OBJECT_CONVERSION = YES_AGGRESSIVE;
				CLANG_CXX_LANGUAGE_STANDARD = "gnu++14";
				CLANG_CXX_LIBRARY = "libc++";
				CLANG_ENABLE_MODULES = YES;
				CLANG_ENABLE_OBJC_ARC = YES;
				CLANG_ENABLE_OBJC_WEAK = YES;
				CLANG_WARN_BLOCK_CAPTURE_AUTORELEASING = YES;
				CLANG_WARN_BOOL_CONVERSION = YES;
				CLANG_WARN_COMMA = YES;
				CLANG_WARN_CONSTANT_CONVERSION = YES;
				CLANG_WARN_DEPRECATED_OBJC_IMPLEMENTATIONS = YES;
				CLANG_WARN_DIRECT_OBJC_ISA_USAGE = YES_ERROR;
				CLANG_WARN_DOCUMENTATION_COMMENTS = YES;
				CLANG_WARN_EMPTY_BODY = YES;
				CLANG_WARN_ENUM_CONVERSION = YES;
				CLANG_WARN_INFINITE_RECURSION = YES;
				CLANG_WARN_INT_CONVERSION = YES;
				CLANG_WARN_NON_LITERAL_NULL_CONVERSION = YES;
				CLANG_WARN_OBJC_IMPLICIT_RETAIN_SELF = YES;
				CLANG_WARN_OBJC_LITERAL_CONVERSION = YES;
				CLANG_WARN_OBJC_ROOT_CLASS = YES_ERROR;
				CLANG_WARN_RANGE_LOOP_ANALYSIS = YES;
				CLANG_WARN_STRICT_PROTOTYPES = YES;
				CLANG_WARN_SUSPICIOUS_MOVE = YES;
				CLANG_WARN_UNGUARDED_AVAILABILITY = YES_AGGRESSIVE;
				CLANG_WARN_UNREACHABLE_CODE = YES;
				CLANG_WARN__DUPLICATE_METHOD_MATCH = YES;
				COPY_PHASE_STRIP = NO;
				DEBUG_INFORMATION_FORMAT = "dwarf-with-dsym";
				ENABLE_NS_ASSERTIONS = NO;
				ENABLE_STRICT_OBJC_MSGSEND = YES;
				GCC_C_LANGUAGE_STANDARD = gnu11;
				GCC_NO_COMMON_BLOCKS = YES;
				GCC_WARN_64_TO_32_BIT_CONVERSION = YES;
				GCC_WARN_ABOUT_RETURN_TYPE = YES_ERROR;
				GCC_WARN_UNDECLARED_SELECTOR = YES;
				GCC_WARN_UNINITIALIZED_AUTOS = YES_AGGRESSIVE;
				GCC_WARN_UNUSED_FUNCTION = YES;
				GCC_WARN_UNUSED_VARIABLE = YES;
				IPHONEOS_DEPLOYMENT_TARGET = 13.2;
				MTL_ENABLE_DEBUG_INFO = NO;
				MTL_FAST_MATH = YES;
				SDKROOT = iphoneos;
				SWIFT_COMPILATION_MODE = wholemodule;
				SWIFT_OPTIMIZATION_LEVEL = "-O";
				VALIDATE_PRODUCT = YES;
			};
			name = Release;
		};
		BE66212823D3FE490053FD07 /* Debug */ = {
			isa = XCBuildConfiguration;
			baseConfigurationReference = AD31ADD5AB6BFEA77017D927 /* Pods-PetnoonTea.debug.xcconfig */;
			buildSettings = {
				ASSETCATALOG_COMPILER_APPICON_NAME = AppIcon;
				CODE_SIGN_STYLE = Automatic;
				INFOPLIST_FILE = PetnoonTea/Info.plist;
				LD_RUNPATH_SEARCH_PATHS = (
					"$(inherited)",
					"@executable_path/Frameworks",
				);
				PRODUCT_BUNDLE_IDENTIFIER = ninnnnn.PetnoonTea;
				PRODUCT_NAME = "$(TARGET_NAME)";
				SWIFT_VERSION = 5.0;
				TARGETED_DEVICE_FAMILY = "1,2";
			};
			name = Debug;
		};
		BE66212923D3FE490053FD07 /* Release */ = {
			isa = XCBuildConfiguration;
			baseConfigurationReference = 2F430C1E87D23D2AEEC322F6 /* Pods-PetnoonTea.release.xcconfig */;
			buildSettings = {
				ASSETCATALOG_COMPILER_APPICON_NAME = AppIcon;
				CODE_SIGN_STYLE = Automatic;
				INFOPLIST_FILE = PetnoonTea/Info.plist;
				LD_RUNPATH_SEARCH_PATHS = (
					"$(inherited)",
					"@executable_path/Frameworks",
				);
				PRODUCT_BUNDLE_IDENTIFIER = ninnnnn.PetnoonTea;
				PRODUCT_NAME = "$(TARGET_NAME)";
				SWIFT_VERSION = 5.0;
				TARGETED_DEVICE_FAMILY = "1,2";
			};
			name = Release;
		};
		BE66212B23D3FE490053FD07 /* Debug */ = {
			isa = XCBuildConfiguration;
			baseConfigurationReference = 9CED2CC349DEE5AF51BEF303 /* Pods-PetnoonTeaTests.debug.xcconfig */;
			buildSettings = {
				ALWAYS_EMBED_SWIFT_STANDARD_LIBRARIES = YES;
				BUNDLE_LOADER = "$(TEST_HOST)";
				CODE_SIGN_STYLE = Automatic;
				INFOPLIST_FILE = PetnoonTeaTests/Info.plist;
				IPHONEOS_DEPLOYMENT_TARGET = 13.2;
				LD_RUNPATH_SEARCH_PATHS = (
					"$(inherited)",
					"@executable_path/Frameworks",
					"@loader_path/Frameworks",
				);
				PRODUCT_BUNDLE_IDENTIFIER = ninnnnn.PetnoonTeaTests;
				PRODUCT_NAME = "$(TARGET_NAME)";
				SWIFT_VERSION = 5.0;
				TARGETED_DEVICE_FAMILY = "1,2";
				TEST_HOST = "$(BUILT_PRODUCTS_DIR)/PetnoonTea.app/PetnoonTea";
			};
			name = Debug;
		};
		BE66212C23D3FE490053FD07 /* Release */ = {
			isa = XCBuildConfiguration;
			baseConfigurationReference = B3E06084F4158A106B00DFF3 /* Pods-PetnoonTeaTests.release.xcconfig */;
			buildSettings = {
				ALWAYS_EMBED_SWIFT_STANDARD_LIBRARIES = YES;
				BUNDLE_LOADER = "$(TEST_HOST)";
				CODE_SIGN_STYLE = Automatic;
				INFOPLIST_FILE = PetnoonTeaTests/Info.plist;
				IPHONEOS_DEPLOYMENT_TARGET = 13.2;
				LD_RUNPATH_SEARCH_PATHS = (
					"$(inherited)",
					"@executable_path/Frameworks",
					"@loader_path/Frameworks",
				);
				PRODUCT_BUNDLE_IDENTIFIER = ninnnnn.PetnoonTeaTests;
				PRODUCT_NAME = "$(TARGET_NAME)";
				SWIFT_VERSION = 5.0;
				TARGETED_DEVICE_FAMILY = "1,2";
				TEST_HOST = "$(BUILT_PRODUCTS_DIR)/PetnoonTea.app/PetnoonTea";
			};
			name = Release;
		};
		BE66212E23D3FE490053FD07 /* Debug */ = {
			isa = XCBuildConfiguration;
			baseConfigurationReference = D25939728DE3A44AB9C4C34E /* Pods-PetnoonTea-PetnoonTeaUITests.debug.xcconfig */;
			buildSettings = {
				ALWAYS_EMBED_SWIFT_STANDARD_LIBRARIES = YES;
				CODE_SIGN_STYLE = Automatic;
				INFOPLIST_FILE = PetnoonTeaUITests/Info.plist;
				LD_RUNPATH_SEARCH_PATHS = (
					"$(inherited)",
					"@executable_path/Frameworks",
					"@loader_path/Frameworks",
				);
				PRODUCT_BUNDLE_IDENTIFIER = ninnnnn.PetnoonTeaUITests;
				PRODUCT_NAME = "$(TARGET_NAME)";
				SWIFT_VERSION = 5.0;
				TARGETED_DEVICE_FAMILY = "1,2";
				TEST_TARGET_NAME = PetnoonTea;
			};
			name = Debug;
		};
		BE66212F23D3FE490053FD07 /* Release */ = {
			isa = XCBuildConfiguration;
			baseConfigurationReference = ABC69CF0F6868D91DBFFCC15 /* Pods-PetnoonTea-PetnoonTeaUITests.release.xcconfig */;
			buildSettings = {
				ALWAYS_EMBED_SWIFT_STANDARD_LIBRARIES = YES;
				CODE_SIGN_STYLE = Automatic;
				INFOPLIST_FILE = PetnoonTeaUITests/Info.plist;
				LD_RUNPATH_SEARCH_PATHS = (
					"$(inherited)",
					"@executable_path/Frameworks",
					"@loader_path/Frameworks",
				);
				PRODUCT_BUNDLE_IDENTIFIER = ninnnnn.PetnoonTeaUITests;
				PRODUCT_NAME = "$(TARGET_NAME)";
				SWIFT_VERSION = 5.0;
				TARGETED_DEVICE_FAMILY = "1,2";
				TEST_TARGET_NAME = PetnoonTea;
			};
			name = Release;
		};
/* End XCBuildConfiguration section */

/* Begin XCConfigurationList section */
		BE6620F823D3FE450053FD07 /* Build configuration list for PBXProject "PetnoonTea" */ = {
			isa = XCConfigurationList;
			buildConfigurations = (
				BE66212523D3FE490053FD07 /* Debug */,
				BE66212623D3FE490053FD07 /* Release */,
			);
			defaultConfigurationIsVisible = 0;
			defaultConfigurationName = Release;
		};
		BE66212723D3FE490053FD07 /* Build configuration list for PBXNativeTarget "PetnoonTea" */ = {
			isa = XCConfigurationList;
			buildConfigurations = (
				BE66212823D3FE490053FD07 /* Debug */,
				BE66212923D3FE490053FD07 /* Release */,
			);
			defaultConfigurationIsVisible = 0;
			defaultConfigurationName = Release;
		};
		BE66212A23D3FE490053FD07 /* Build configuration list for PBXNativeTarget "PetnoonTeaTests" */ = {
			isa = XCConfigurationList;
			buildConfigurations = (
				BE66212B23D3FE490053FD07 /* Debug */,
				BE66212C23D3FE490053FD07 /* Release */,
			);
			defaultConfigurationIsVisible = 0;
			defaultConfigurationName = Release;
		};
		BE66212D23D3FE490053FD07 /* Build configuration list for PBXNativeTarget "PetnoonTeaUITests" */ = {
			isa = XCConfigurationList;
			buildConfigurations = (
				BE66212E23D3FE490053FD07 /* Debug */,
				BE66212F23D3FE490053FD07 /* Release */,
			);
			defaultConfigurationIsVisible = 0;
			defaultConfigurationName = Release;
		};
/* End XCConfigurationList section */
	};
	rootObject = BE6620F523D3FE450053FD07 /* Project object */;
}
